
Microsoft Visual Studio Solution File, Format Version 12.00
# Visual Studio Version 16
VisualStudioVersion = 16.0.30114.105
MinimumVisualStudioVersion = 10.0.40219.1
Project("{FAE04EC0-301F-11D3-BF4B-00C04F79EFBC}") = "BackgroundPinger", "BackgroundPinger.csproj", "{AA82F879-07A7-4827-8458-AA21ACEC2F77}"
EndProject
Global
	GlobalSection(SolutionConfigurationPlatforms) = preSolution
		Debug|Any CPU = Debug|Any CPU
		Release|Any CPU = Release|Any CPU
	EndGlobalSection
	GlobalSection(ProjectConfigurationPlatforms) = postSolution
		{AA82F879-07A7-4827-8458-AA21ACEC2F77}.Debug|Any CPU.ActiveCfg = Debug|Any CPU
		{AA82F879-07A7-4827-8458-AA21ACEC2F77}.Debug|Any CPU.Build.0 = Debug|Any CPU
		{AA82F879-07A7-4827-8458-AA21ACEC2F77}.Release|Any CPU.ActiveCfg = Release|Any CPU
		{AA82F879-07A7-4827-8458-AA21ACEC2F77}.Release|Any CPU.Build.0 = Release|Any CPU
	EndGlobalSection
	GlobalSection(SolutionProperties) = preSolution
		HideSolutionNode = FALSE
	EndGlobalSection
	GlobalSection(ExtensibilityGlobals) = postSolution
		SolutionGuid = {4236AB3D-E287-4814-8E4C-16252C27A0FA}
	EndGlobalSection
EndGlobal
